
Microsoft Visual Studio Solution File, Format Version 12.00
# Visual Studio 15
VisualStudioVersion = 15.0.28307.1145
MinimumVisualStudioVersion = 10.0.40219.1
Project("{8BC9CEB8-8B4A-11D0-8D11-00A0C91BC942}") = "game", "game.vcxproj", "{BEBA651E-8E98-4348-AA46-6AC574F399D6}"
EndProject
Global
	GlobalSection(SolutionConfigurationPlatforms) = preSolution
		Debug|x64 = Debug|x64
		Debug|x86 = Debug|x86
		Release|x64 = Release|x64
		Release|x86 = Release|x86
	EndGlobalSection
	GlobalSection(ProjectConfigurationPlatforms) = postSolution
		{BEBA651E-8E98-4348-AA46-6AC574F399D6}.Debug|x64.ActiveCfg = Debug|x64
		{BEBA651E-8E98-4348-AA46-6AC574F399D6}.Debug|x64.Build.0 = Debug|x64
		{BEBA651E-8E98-4348-AA46-6AC574F399D6}.Debug|x86.ActiveCfg = Debug|Win32
		{BEBA651E-8E98-4348-AA46-6AC574F399D6}.Debug|x86.Build.0 = Debug|Win32
		{BEBA651E-8E98-4348-AA46-6AC574F399D6}.Release|x64.ActiveCfg = Release|x64
		{BEBA651E-8E98-4348-AA46-6AC574F399D6}.Release|x64.Build.0 = Release|x64
		{BEBA651E-8E98-4348-AA46-6AC574F399D6}.Release|x86.ActiveCfg = Release|Win32
		{BEBA651E-8E98-4348-AA46-6AC574F399D6}.Release|x86.Build.0 = Release|Win32
	EndGlobalSection
	GlobalSection(SolutionProperties) = preSolution
		HideSolutionNode = FALSE
	EndGlobalSection
	GlobalSection(ExtensibilityGlobals) = postSolution
		SolutionGuid = {264F1C98-99DA-4BB6-9093-F8AECE94DF29}
	EndGlobalSection
EndGlobal
